
Microsoft Visual Studio Solution File, Format Version 12.00
# Visual Studio Version 16
VisualStudioVersion = 16.0.30804.86
MinimumVisualStudioVersion = 10.0.40219.1
Project("{9A19103F-16F7-4668-BE54-9A1E7A4F7556}") = "fiQ.Task.Engine", "fiQ.Task.Engine\fiQ.Task.Engine.csproj", "{8BC93EF0-D6B8-4C59-AFC5-2040061A879F}"
EndProject
Project("{9A19103F-16F7-4668-BE54-9A1E7A4F7556}") = "fiQ.Task.Cmd", "fiQ.Task.Cmd\fiQ.Task.Cmd.csproj", "{DB7E1D4D-7ED4-40C2-9565-5FC5365640FF}"
EndProject
Project("{2150E333-8FDC-42A3-9474-1A3956D46DE8}") = "Solution Items", "Solution Items", "{04600D45-F047-43D2-8136-163C63CA36A3}"
	ProjectSection(SolutionItems) = preProject
		.editorconfig = .editorconfig
	EndProjectSection
EndProject
Global
	GlobalSection(SolutionConfigurationPlatforms) = preSolution
		Debug|Any CPU = Debug|Any CPU
		Release|Any CPU = Release|Any CPU
	EndGlobalSection
	GlobalSection(ProjectConfigurationPlatforms) = postSolution
		{8BC93EF0-D6B8-4C59-AFC5-2040061A879F}.Debug|Any CPU.ActiveCfg = Debug|Any CPU
		{8BC93EF0-D6B8-4C59-AFC5-2040061A879F}.Debug|Any CPU.Build.0 = Debug|Any CPU
		{8BC93EF0-D6B8-4C59-AFC5-2040061A879F}.Release|Any CPU.ActiveCfg = Release|Any CPU
		{8BC93EF0-D6B8-4C59-AFC5-2040061A879F}.Release|Any CPU.Build.0 = Release|Any CPU
		{DB7E1D4D-7ED4-40C2-9565-5FC5365640FF}.Debug|Any CPU.ActiveCfg = Debug|Any CPU
		{DB7E1D4D-7ED4-40C2-9565-5FC5365640FF}.Debug|Any CPU.Build.0 = Debug|Any CPU
		{DB7E1D4D-7ED4-40C2-9565-5FC5365640FF}.Release|Any CPU.ActiveCfg = Release|Any CPU
		{DB7E1D4D-7ED4-40C2-9565-5FC5365640FF}.Release|Any CPU.Build.0 = Release|Any CPU
	EndGlobalSection
	GlobalSection(SolutionProperties) = preSolution
		HideSolutionNode = FALSE
	EndGlobalSection
	GlobalSection(ExtensibilityGlobals) = postSolution
		SolutionGuid = {7E981C38-0BAE-4F30-B444-CE69D5160B2C}
	EndGlobalSection
EndGlobal
